
Microsoft Visual Studio Solution File, Format Version 12.00
# Visual Studio 15
VisualStudioVersion = 15.0.27703.2047
MinimumVisualStudioVersion = 10.0.40219.1
Project("{FAE04EC0-301F-11D3-BF4B-00C04F79EFBC}") = "MyCUKCUK", "MyCUKCUK\MyCUKCUK.csproj", "{34F64F10-CA21-41B4-AAAD-8A7F19969487}"
EndProject
Global
	GlobalSection(SolutionConfigurationPlatforms) = preSolution
		Debug|Any CPU = Debug|Any CPU
		Release|Any CPU = Release|Any CPU
	EndGlobalSection
	GlobalSection(ProjectConfigurationPlatforms) = postSolution
		{34F64F10-CA21-41B4-AAAD-8A7F19969487}.Debug|Any CPU.ActiveCfg = Debug|Any CPU
		{34F64F10-CA21-41B4-AAAD-8A7F19969487}.Debug|Any CPU.Build.0 = Debug|Any CPU
		{34F64F10-CA21-41B4-AAAD-8A7F19969487}.Release|Any CPU.ActiveCfg = Release|Any CPU
		{34F64F10-CA21-41B4-AAAD-8A7F19969487}.Release|Any CPU.Build.0 = Release|Any CPU
	EndGlobalSection
	GlobalSection(SolutionProperties) = preSolution
		HideSolutionNode = FALSE
	EndGlobalSection
	GlobalSection(ExtensibilityGlobals) = postSolution
		SolutionGuid = {107DA2D8-5B5C-4216-B004-DA1F0EE6631F}
	EndGlobalSection
EndGlobal
